// !$*UTF8*$!
{
	archiveVersion = 1;
	classes = {
	};
	objectVersion = 56;
	objects = {

/* Begin PBXBuildFile section */
		0815009D2BCA954F00EE2F1C /* PingAppApp.swift in Sources */ = {isa = PBXBuildFile; fileRef = 0815009C2BCA954F00EE2F1C /* PingAppApp.swift */; };
		081500A12BCA955000EE2F1C /* Assets.xcassets in Resources */ = {isa = PBXBuildFile; fileRef = 081500A02BCA955000EE2F1C /* Assets.xcassets */; };
		081500A42BCA955000EE2F1C /* Preview Assets.xcassets in Resources */ = {isa = PBXBuildFile; fileRef = 081500A32BCA955000EE2F1C /* Preview Assets.xcassets */; };
		081500AE2BCA955000EE2F1C /* PingAppTests.swift in Sources */ = {isa = PBXBuildFile; fileRef = 081500AD2BCA955000EE2F1C /* PingAppTests.swift */; };
		081500B82BCA955000EE2F1C /* PingAppUITests.swift in Sources */ = {isa = PBXBuildFile; fileRef = 081500B72BCA955000EE2F1C /* PingAppUITests.swift */; };
		081500BA2BCA955000EE2F1C /* PingAppUITestsLaunchTests.swift in Sources */ = {isa = PBXBuildFile; fileRef = 081500B92BCA955000EE2F1C /* PingAppUITestsLaunchTests.swift */; };
		081500C82BCA956B00EE2F1C /* NetworkPinger in Frameworks */ = {isa = PBXBuildFile; productRef = 081500C72BCA956B00EE2F1C /* NetworkPinger */; };
		081500CC2BCACF2800EE2F1C /* Resolver.swift in Sources */ = {isa = PBXBuildFile; fileRef = 081500CB2BCACF2800EE2F1C /* Resolver.swift */; };
		081500CF2BCACFEA00EE2F1C /* Swinject in Frameworks */ = {isa = PBXBuildFile; productRef = 081500CE2BCACFEA00EE2F1C /* Swinject */; };
		081500DF2BCAD1C600EE2F1C /* AppEnvironment.swift in Sources */ = {isa = PBXBuildFile; fileRef = 081500DE2BCAD1C600EE2F1C /* AppEnvironment.swift */; };
		081500E12BCAD20C00EE2F1C /* APIRequest.swift in Sources */ = {isa = PBXBuildFile; fileRef = 081500E02BCAD20C00EE2F1C /* APIRequest.swift */; };
		081500E32BCAD24300EE2F1C /* APIEnvironment+Live.swift in Sources */ = {isa = PBXBuildFile; fileRef = 081500E22BCAD24300EE2F1C /* APIEnvironment+Live.swift */; };
		081500E52BCAD28700EE2F1C /* APIClient+Live.swift in Sources */ = {isa = PBXBuildFile; fileRef = 081500E42BCAD28700EE2F1C /* APIClient+Live.swift */; };
		081500E72BCAD2AF00EE2F1C /* APIEnvironment.swift in Sources */ = {isa = PBXBuildFile; fileRef = 081500E62BCAD2AF00EE2F1C /* APIEnvironment.swift */; };
		081500E92BCAD2DC00EE2F1C /* APIClient.swift in Sources */ = {isa = PBXBuildFile; fileRef = 081500E82BCAD2DC00EE2F1C /* APIClient.swift */; };
		081500EB2BCAD2F200EE2F1C /* APIError.swift in Sources */ = {isa = PBXBuildFile; fileRef = 081500EA2BCAD2F200EE2F1C /* APIError.swift */; };
		081500ED2BCAD31900EE2F1C /* Logger.swift in Sources */ = {isa = PBXBuildFile; fileRef = 081500EC2BCAD31900EE2F1C /* Logger.swift */; };
		081500EF2BCAD3C100EE2F1C /* Parser.swift in Sources */ = {isa = PBXBuildFile; fileRef = 081500EE2BCAD3C100EE2F1C /* Parser.swift */; };
		081500F42BCAD45A00EE2F1C /* Coordinator.swift in Sources */ = {isa = PBXBuildFile; fileRef = 081500F02BCAD45A00EE2F1C /* Coordinator.swift */; };
		081500F52BCAD45A00EE2F1C /* AppCoordinator.swift in Sources */ = {isa = PBXBuildFile; fileRef = 081500F12BCAD45A00EE2F1C /* AppCoordinator.swift */; };
		081500F62BCAD45A00EE2F1C /* AppCoordinatorView.swift in Sources */ = {isa = PBXBuildFile; fileRef = 081500F22BCAD45A00EE2F1C /* AppCoordinatorView.swift */; };
		081500F72BCAD45A00EE2F1C /* Routable.swift in Sources */ = {isa = PBXBuildFile; fileRef = 081500F32BCAD45A00EE2F1C /* Routable.swift */; };
		081500FB2BCAD4DB00EE2F1C /* HomeCoordinator.swift in Sources */ = {isa = PBXBuildFile; fileRef = 081500FA2BCAD4DB00EE2F1C /* HomeCoordinator.swift */; };
		081500FD2BCAD51E00EE2F1C /* HomeCoordinatorProtocol.swift in Sources */ = {isa = PBXBuildFile; fileRef = 081500FC2BCAD51E00EE2F1C /* HomeCoordinatorProtocol.swift */; };
		081500FF2BCAD54200EE2F1C /* HomeCoordinatorView.swift in Sources */ = {isa = PBXBuildFile; fileRef = 081500FE2BCAD54200EE2F1C /* HomeCoordinatorView.swift */; };
		081501022BCAD58600EE2F1C /* HomeView.swift in Sources */ = {isa = PBXBuildFile; fileRef = 081501012BCAD58600EE2F1C /* HomeView.swift */; };
		081501052BCAD60000EE2F1C /* DetailView.swift in Sources */ = {isa = PBXBuildFile; fileRef = 081501042BCAD60000EE2F1C /* DetailView.swift */; };
		081501072BCAD93200EE2F1C /* HostService.swift in Sources */ = {isa = PBXBuildFile; fileRef = 081501062BCAD93200EE2F1C /* HostService.swift */; };
		081501092BCAD9E000EE2F1C /* HostResponse.swift in Sources */ = {isa = PBXBuildFile; fileRef = 081501082BCAD9E000EE2F1C /* HostResponse.swift */; };
		0815010B2BCADA6600EE2F1C /* HostService+Live.swift in Sources */ = {isa = PBXBuildFile; fileRef = 0815010A2BCADA6600EE2F1C /* HostService+Live.swift */; };
		0815010D2BCADBE000EE2F1C /* HostRepository+Live.swift in Sources */ = {isa = PBXBuildFile; fileRef = 0815010C2BCADBE000EE2F1C /* HostRepository+Live.swift */; };
		0815010F2BCADC3600EE2F1C /* HostsRepository.swift in Sources */ = {isa = PBXBuildFile; fileRef = 0815010E2BCADC3600EE2F1C /* HostsRepository.swift */; };
		081501132BCADE2500EE2F1C /* FetchAllHostsUseCase.swift in Sources */ = {isa = PBXBuildFile; fileRef = 081501122BCADE2500EE2F1C /* FetchAllHostsUseCase.swift */; };
		081501152BCADEED00EE2F1C /* FindLatencyUseCase.swift in Sources */ = {isa = PBXBuildFile; fileRef = 081501142BCADEED00EE2F1C /* FindLatencyUseCase.swift */; };
		081501172BCADF8F00EE2F1C /* LatencyRepository.swift in Sources */ = {isa = PBXBuildFile; fileRef = 081501162BCADF8F00EE2F1C /* LatencyRepository.swift */; };
		081501192BCADFF500EE2F1C /* LatencyRepository+Live.swift in Sources */ = {isa = PBXBuildFile; fileRef = 081501182BCADFF500EE2F1C /* LatencyRepository+Live.swift */; };
		0815011B2BCAE0B500EE2F1C /* LatencyService.swift in Sources */ = {isa = PBXBuildFile; fileRef = 0815011A2BCAE0B500EE2F1C /* LatencyService.swift */; };
		0815011D2BCAE0C300EE2F1C /* LatencyService+Live.swift in Sources */ = {isa = PBXBuildFile; fileRef = 0815011C2BCAE0C300EE2F1C /* LatencyService+Live.swift */; };
		0815011F2BCAE19200EE2F1C /* LatencyResult.swift in Sources */ = {isa = PBXBuildFile; fileRef = 0815011E2BCAE19200EE2F1C /* LatencyResult.swift */; };
		081501212BCAE25600EE2F1C /* AppConstants.swift in Sources */ = {isa = PBXBuildFile; fileRef = 081501202BCAE25600EE2F1C /* AppConstants.swift */; };
		081501242BCAE5D300EE2F1C /* HomeViewModel.swift in Sources */ = {isa = PBXBuildFile; fileRef = 081501232BCAE5D300EE2F1C /* HomeViewModel.swift */; };
		081501262BCAE62C00EE2F1C /* HomeViewState.swift in Sources */ = {isa = PBXBuildFile; fileRef = 081501252BCAE62C00EE2F1C /* HomeViewState.swift */; };
		0815012B2BCAFFA400EE2F1C /* LatencyView.swift in Sources */ = {isa = PBXBuildFile; fileRef = 0815012A2BCAFFA400EE2F1C /* LatencyView.swift */; };
		0815012D2BCB003E00EE2F1C /* HostView.swift in Sources */ = {isa = PBXBuildFile; fileRef = 0815012C2BCB003D00EE2F1C /* HostView.swift */; };
		081501322BCB0B0D00EE2F1C /* NukeUI in Frameworks */ = {isa = PBXBuildFile; productRef = 081501312BCB0B0D00EE2F1C /* NukeUI */; };
		081501362BCB384E00EE2F1C /* HostListView.swift in Sources */ = {isa = PBXBuildFile; fileRef = 081501352BCB384E00EE2F1C /* HostListView.swift */; };
		081501382BCB392500EE2F1C /* ErrorView.swift in Sources */ = {isa = PBXBuildFile; fileRef = 081501372BCB392500EE2F1C /* ErrorView.swift */; };
		0815013C2BCB3B5400EE2F1C /* NetworkMonitor.swift in Sources */ = {isa = PBXBuildFile; fileRef = 0815013B2BCB3B5400EE2F1C /* NetworkMonitor.swift */; };
		0815013E2BCB3D1C00EE2F1C /* Formatter.swift in Sources */ = {isa = PBXBuildFile; fileRef = 0815013D2BCB3D1C00EE2F1C /* Formatter.swift */; };
		081501412BCB45DA00EE2F1C /* SnapshotTesting in Frameworks */ = {isa = PBXBuildFile; productRef = 081501402BCB45DA00EE2F1C /* SnapshotTesting */; };
		081501442BCB462600EE2F1C /* SwiftUI+Extension.swift in Sources */ = {isa = PBXBuildFile; fileRef = 081501432BCB462600EE2F1C /* SwiftUI+Extension.swift */; };
		081501462BCB464400EE2F1C /* CombinePublisherTest.swift in Sources */ = {isa = PBXBuildFile; fileRef = 081501452BCB464400EE2F1C /* CombinePublisherTest.swift */; };
		081501492BCB46BF00EE2F1C /* MockCoordinator.swift in Sources */ = {isa = PBXBuildFile; fileRef = 081501482BCB46BF00EE2F1C /* MockCoordinator.swift */; };
		0815014B2BCB470D00EE2F1C /* MockFetchHostsUseCase.swift in Sources */ = {isa = PBXBuildFile; fileRef = 0815014A2BCB470C00EE2F1C /* MockFetchHostsUseCase.swift */; };
		0815014D2BCB47CE00EE2F1C /* MockResponse.swift in Sources */ = {isa = PBXBuildFile; fileRef = 0815014C2BCB47CE00EE2F1C /* MockResponse.swift */; };
		0815014F2BCB486500EE2F1C /* MockFindLatencyUseCase.swift in Sources */ = {isa = PBXBuildFile; fileRef = 0815014E2BCB486500EE2F1C /* MockFindLatencyUseCase.swift */; };
		081501512BCB4A7800EE2F1C /* HostServiceTests.swift in Sources */ = {isa = PBXBuildFile; fileRef = 081501502BCB4A7800EE2F1C /* HostServiceTests.swift */; };
		081501532BCB4AD000EE2F1C /* MockAPIClient.swift in Sources */ = {isa = PBXBuildFile; fileRef = 081501522BCB4AD000EE2F1C /* MockAPIClient.swift */; };
		081501572BCB56A300EE2F1C /* HomeViewModelTests.swift in Sources */ = {isa = PBXBuildFile; fileRef = 081501562BCB56A300EE2F1C /* HomeViewModelTests.swift */; };
		0822C8712BCBCA8B00653580 /* Localizable.xcstrings in Resources */ = {isa = PBXBuildFile; fileRef = 0822C8702BCBCA8B00653580 /* Localizable.xcstrings */; };
/* End PBXBuildFile section */

/* Begin PBXContainerItemProxy section */
		081500AA2BCA955000EE2F1C /* PBXContainerItemProxy */ = {
			isa = PBXContainerItemProxy;
			containerPortal = 081500912BCA954F00EE2F1C /* Project object */;
			proxyType = 1;
			remoteGlobalIDString = 081500982BCA954F00EE2F1C;
			remoteInfo = PingApp;
		};
		081500B42BCA955000EE2F1C /* PBXContainerItemProxy */ = {
			isa = PBXContainerItemProxy;
			containerPortal = 081500912BCA954F00EE2F1C /* Project object */;
			proxyType = 1;
			remoteGlobalIDString = 081500982BCA954F00EE2F1C;
			remoteInfo = PingApp;
		};
/* End PBXContainerItemProxy section */

/* Begin PBXFileReference section */
		081500992BCA954F00EE2F1C /* PingApp.app */ = {isa = PBXFileReference; explicitFileType = wrapper.application; includeInIndex = 0; path = PingApp.app; sourceTree = BUILT_PRODUCTS_DIR; };
		0815009C2BCA954F00EE2F1C /* PingAppApp.swift */ = {isa = PBXFileReference; lastKnownFileType = sourcecode.swift; path = PingAppApp.swift; sourceTree = "<group>"; };
		081500A02BCA955000EE2F1C /* Assets.xcassets */ = {isa = PBXFileReference; lastKnownFileType = folder.assetcatalog; path = Assets.xcassets; sourceTree = "<group>"; };
		081500A32BCA955000EE2F1C /* Preview Assets.xcassets */ = {isa = PBXFileReference; lastKnownFileType = folder.assetcatalog; path = "Preview Assets.xcassets"; sourceTree = "<group>"; };
		081500A92BCA955000EE2F1C /* PingAppTests.xctest */ = {isa = PBXFileReference; explicitFileType = wrapper.cfbundle; includeInIndex = 0; path = PingAppTests.xctest; sourceTree = BUILT_PRODUCTS_DIR; };
		081500AD2BCA955000EE2F1C /* PingAppTests.swift */ = {isa = PBXFileReference; lastKnownFileType = sourcecode.swift; path = PingAppTests.swift; sourceTree = "<group>"; };
		081500B32BCA955000EE2F1C /* PingAppUITests.xctest */ = {isa = PBXFileReference; explicitFileType = wrapper.cfbundle; includeInIndex = 0; path = PingAppUITests.xctest; sourceTree = BUILT_PRODUCTS_DIR; };
		081500B72BCA955000EE2F1C /* PingAppUITests.swift */ = {isa = PBXFileReference; lastKnownFileType = sourcecode.swift; path = PingAppUITests.swift; sourceTree = "<group>"; };
		081500B92BCA955000EE2F1C /* PingAppUITestsLaunchTests.swift */ = {isa = PBXFileReference; lastKnownFileType = sourcecode.swift; path = PingAppUITestsLaunchTests.swift; sourceTree = "<group>"; };
		081500CB2BCACF2800EE2F1C /* Resolver.swift */ = {isa = PBXFileReference; lastKnownFileType = sourcecode.swift; path = Resolver.swift; sourceTree = "<group>"; };
		081500DE2BCAD1C600EE2F1C /* AppEnvironment.swift */ = {isa = PBXFileReference; lastKnownFileType = sourcecode.swift; path = AppEnvironment.swift; sourceTree = "<group>"; };
		081500E02BCAD20C00EE2F1C /* APIRequest.swift */ = {isa = PBXFileReference; lastKnownFileType = sourcecode.swift; path = APIRequest.swift; sourceTree = "<group>"; };
		081500E22BCAD24300EE2F1C /* APIEnvironment+Live.swift */ = {isa = PBXFileReference; lastKnownFileType = sourcecode.swift; path = "APIEnvironment+Live.swift"; sourceTree = "<group>"; };
		081500E42BCAD28700EE2F1C /* APIClient+Live.swift */ = {isa = PBXFileReference; lastKnownFileType = sourcecode.swift; path = "APIClient+Live.swift"; sourceTree = "<group>"; };
		081500E62BCAD2AF00EE2F1C /* APIEnvironment.swift */ = {isa = PBXFileReference; lastKnownFileType = sourcecode.swift; path = APIEnvironment.swift; sourceTree = "<group>"; };
		081500E82BCAD2DC00EE2F1C /* APIClient.swift */ = {isa = PBXFileReference; lastKnownFileType = sourcecode.swift; path = APIClient.swift; sourceTree = "<group>"; };
		081500EA2BCAD2F200EE2F1C /* APIError.swift */ = {isa = PBXFileReference; lastKnownFileType = sourcecode.swift; path = APIError.swift; sourceTree = "<group>"; };
		081500EC2BCAD31900EE2F1C /* Logger.swift */ = {isa = PBXFileReference; lastKnownFileType = sourcecode.swift; path = Logger.swift; sourceTree = "<group>"; };
		081500EE2BCAD3C100EE2F1C /* Parser.swift */ = {isa = PBXFileReference; lastKnownFileType = sourcecode.swift; path = Parser.swift; sourceTree = "<group>"; };
		081500F02BCAD45A00EE2F1C /* Coordinator.swift */ = {isa = PBXFileReference; fileEncoding = 4; lastKnownFileType = sourcecode.swift; path = Coordinator.swift; sourceTree = "<group>"; };
		081500F12BCAD45A00EE2F1C /* AppCoordinator.swift */ = {isa = PBXFileReference; fileEncoding = 4; lastKnownFileType = sourcecode.swift; path = AppCoordinator.swift; sourceTree = "<group>"; };
		081500F22BCAD45A00EE2F1C /* AppCoordinatorView.swift */ = {isa = PBXFileReference; fileEncoding = 4; lastKnownFileType = sourcecode.swift; path = AppCoordinatorView.swift; sourceTree = "<group>"; };
		081500F32BCAD45A00EE2F1C /* Routable.swift */ = {isa = PBXFileReference; fileEncoding = 4; lastKnownFileType = sourcecode.swift; path = Routable.swift; sourceTree = "<group>"; };
		081500FA2BCAD4DB00EE2F1C /* HomeCoordinator.swift */ = {isa = PBXFileReference; lastKnownFileType = sourcecode.swift; path = HomeCoordinator.swift; sourceTree = "<group>"; };
		081500FC2BCAD51E00EE2F1C /* HomeCoordinatorProtocol.swift */ = {isa = PBXFileReference; lastKnownFileType = sourcecode.swift; path = HomeCoordinatorProtocol.swift; sourceTree = "<group>"; };
		081500FE2BCAD54200EE2F1C /* HomeCoordinatorView.swift */ = {isa = PBXFileReference; lastKnownFileType = sourcecode.swift; path = HomeCoordinatorView.swift; sourceTree = "<group>"; };
		081501012BCAD58600EE2F1C /* HomeView.swift */ = {isa = PBXFileReference; lastKnownFileType = sourcecode.swift; path = HomeView.swift; sourceTree = "<group>"; };
		081501042BCAD60000EE2F1C /* DetailView.swift */ = {isa = PBXFileReference; lastKnownFileType = sourcecode.swift; path = DetailView.swift; sourceTree = "<group>"; };
		081501062BCAD93200EE2F1C /* HostService.swift */ = {isa = PBXFileReference; lastKnownFileType = sourcecode.swift; path = HostService.swift; sourceTree = "<group>"; };
		081501082BCAD9E000EE2F1C /* HostResponse.swift */ = {isa = PBXFileReference; lastKnownFileType = sourcecode.swift; path = HostResponse.swift; sourceTree = "<group>"; };
		0815010A2BCADA6600EE2F1C /* HostService+Live.swift */ = {isa = PBXFileReference; lastKnownFileType = sourcecode.swift; path = "HostService+Live.swift"; sourceTree = "<group>"; };
		0815010C2BCADBE000EE2F1C /* HostRepository+Live.swift */ = {isa = PBXFileReference; lastKnownFileType = sourcecode.swift; path = "HostRepository+Live.swift"; sourceTree = "<group>"; };
		0815010E2BCADC3600EE2F1C /* HostsRepository.swift */ = {isa = PBXFileReference; lastKnownFileType = sourcecode.swift; path = HostsRepository.swift; sourceTree = "<group>"; };
		081501122BCADE2500EE2F1C /* FetchAllHostsUseCase.swift */ = {isa = PBXFileReference; lastKnownFileType = sourcecode.swift; path = FetchAllHostsUseCase.swift; sourceTree = "<group>"; };
		081501142BCADEED00EE2F1C /* FindLatencyUseCase.swift */ = {isa = PBXFileReference; fileEncoding = 4; lastKnownFileType = sourcecode.swift; path = FindLatencyUseCase.swift; sourceTree = "<group>"; };
		081501162BCADF8F00EE2F1C /* LatencyRepository.swift */ = {isa = PBXFileReference; lastKnownFileType = sourcecode.swift; path = LatencyRepository.swift; sourceTree = "<group>"; };
		081501182BCADFF500EE2F1C /* LatencyRepository+Live.swift */ = {isa = PBXFileReference; fileEncoding = 4; lastKnownFileType = sourcecode.swift; path = "LatencyRepository+Live.swift"; sourceTree = "<group>"; };
		0815011A2BCAE0B500EE2F1C /* LatencyService.swift */ = {isa = PBXFileReference; lastKnownFileType = sourcecode.swift; path = LatencyService.swift; sourceTree = "<group>"; };
		0815011C2BCAE0C300EE2F1C /* LatencyService+Live.swift */ = {isa = PBXFileReference; lastKnownFileType = sourcecode.swift; path = "LatencyService+Live.swift"; sourceTree = "<group>"; };
		0815011E2BCAE19200EE2F1C /* LatencyResult.swift */ = {isa = PBXFileReference; lastKnownFileType = sourcecode.swift; path = LatencyResult.swift; sourceTree = "<group>"; };
		081501202BCAE25600EE2F1C /* AppConstants.swift */ = {isa = PBXFileReference; lastKnownFileType = sourcecode.swift; path = AppConstants.swift; sourceTree = "<group>"; };
		081501232BCAE5D300EE2F1C /* HomeViewModel.swift */ = {isa = PBXFileReference; lastKnownFileType = sourcecode.swift; path = HomeViewModel.swift; sourceTree = "<group>"; };
		081501252BCAE62C00EE2F1C /* HomeViewState.swift */ = {isa = PBXFileReference; lastKnownFileType = sourcecode.swift; path = HomeViewState.swift; sourceTree = "<group>"; };
		0815012A2BCAFFA400EE2F1C /* LatencyView.swift */ = {isa = PBXFileReference; lastKnownFileType = sourcecode.swift; path = LatencyView.swift; sourceTree = "<group>"; };
		0815012C2BCB003D00EE2F1C /* HostView.swift */ = {isa = PBXFileReference; lastKnownFileType = sourcecode.swift; path = HostView.swift; sourceTree = "<group>"; };
		081501352BCB384E00EE2F1C /* HostListView.swift */ = {isa = PBXFileReference; lastKnownFileType = sourcecode.swift; path = HostListView.swift; sourceTree = "<group>"; };
		081501372BCB392500EE2F1C /* ErrorView.swift */ = {isa = PBXFileReference; lastKnownFileType = sourcecode.swift; path = ErrorView.swift; sourceTree = "<group>"; };
		0815013B2BCB3B5400EE2F1C /* NetworkMonitor.swift */ = {isa = PBXFileReference; lastKnownFileType = sourcecode.swift; path = NetworkMonitor.swift; sourceTree = "<group>"; };
		0815013D2BCB3D1C00EE2F1C /* Formatter.swift */ = {isa = PBXFileReference; lastKnownFileType = sourcecode.swift; path = Formatter.swift; sourceTree = "<group>"; };
		081501432BCB462600EE2F1C /* SwiftUI+Extension.swift */ = {isa = PBXFileReference; lastKnownFileType = sourcecode.swift; path = "SwiftUI+Extension.swift"; sourceTree = "<group>"; };
		081501452BCB464400EE2F1C /* CombinePublisherTest.swift */ = {isa = PBXFileReference; lastKnownFileType = sourcecode.swift; path = CombinePublisherTest.swift; sourceTree = "<group>"; };
		081501482BCB46BF00EE2F1C /* MockCoordinator.swift */ = {isa = PBXFileReference; lastKnownFileType = sourcecode.swift; path = MockCoordinator.swift; sourceTree = "<group>"; };
		0815014A2BCB470C00EE2F1C /* MockFetchHostsUseCase.swift */ = {isa = PBXFileReference; lastKnownFileType = sourcecode.swift; path = MockFetchHostsUseCase.swift; sourceTree = "<group>"; };
		0815014C2BCB47CE00EE2F1C /* MockResponse.swift */ = {isa = PBXFileReference; lastKnownFileType = sourcecode.swift; path = MockResponse.swift; sourceTree = "<group>"; };
		0815014E2BCB486500EE2F1C /* MockFindLatencyUseCase.swift */ = {isa = PBXFileReference; fileEncoding = 4; lastKnownFileType = sourcecode.swift; path = MockFindLatencyUseCase.swift; sourceTree = "<group>"; };
		081501502BCB4A7800EE2F1C /* HostServiceTests.swift */ = {isa = PBXFileReference; lastKnownFileType = sourcecode.swift; path = HostServiceTests.swift; sourceTree = "<group>"; };
		081501522BCB4AD000EE2F1C /* MockAPIClient.swift */ = {isa = PBXFileReference; lastKnownFileType = sourcecode.swift; path = MockAPIClient.swift; sourceTree = "<group>"; };
		081501562BCB56A300EE2F1C /* HomeViewModelTests.swift */ = {isa = PBXFileReference; lastKnownFileType = sourcecode.swift; path = HomeViewModelTests.swift; sourceTree = "<group>"; };
		0822C8702BCBCA8B00653580 /* Localizable.xcstrings */ = {isa = PBXFileReference; lastKnownFileType = text.json.xcstrings; path = Localizable.xcstrings; sourceTree = "<group>"; };
/* End PBXFileReference section */

/* Begin PBXFrameworksBuildPhase section */
		081500962BCA954F00EE2F1C /* Frameworks */ = {
			isa = PBXFrameworksBuildPhase;
			buildActionMask = 2147483647;
			files = (
				081501322BCB0B0D00EE2F1C /* NukeUI in Frameworks */,
				081500C82BCA956B00EE2F1C /* NetworkPinger in Frameworks */,
				081500CF2BCACFEA00EE2F1C /* Swinject in Frameworks */,
			);
			runOnlyForDeploymentPostprocessing = 0;
		};
		081500A62BCA955000EE2F1C /* Frameworks */ = {
			isa = PBXFrameworksBuildPhase;
			buildActionMask = 2147483647;
			files = (
				081501412BCB45DA00EE2F1C /* SnapshotTesting in Frameworks */,
			);
			runOnlyForDeploymentPostprocessing = 0;
		};
		081500B02BCA955000EE2F1C /* Frameworks */ = {
			isa = PBXFrameworksBuildPhase;
			buildActionMask = 2147483647;
			files = (
			);
			runOnlyForDeploymentPostprocessing = 0;
		};
/* End PBXFrameworksBuildPhase section */

/* Begin PBXGroup section */
		081500902BCA954F00EE2F1C = {
			isa = PBXGroup;
			children = (
				0815009B2BCA954F00EE2F1C /* PingApp */,
				081500AC2BCA955000EE2F1C /* PingAppTests */,
				081500B62BCA955000EE2F1C /* PingAppUITests */,
				0815009A2BCA954F00EE2F1C /* Products */,
			);
			sourceTree = "<group>";
		};
		0815009A2BCA954F00EE2F1C /* Products */ = {
			isa = PBXGroup;
			children = (
				081500992BCA954F00EE2F1C /* PingApp.app */,
				081500A92BCA955000EE2F1C /* PingAppTests.xctest */,
				081500B32BCA955000EE2F1C /* PingAppUITests.xctest */,
			);
			name = Products;
			sourceTree = "<group>";
		};
		0815009B2BCA954F00EE2F1C /* PingApp */ = {
			isa = PBXGroup;
			children = (
				081500C92BCACEF800EE2F1C /* Application */,
				081500D02BCAD03100EE2F1C /* Data */,
				081500D42BCAD06900EE2F1C /* Domain */,
				081500D82BCAD09800EE2F1C /* Presentation */,
				081500DC2BCAD0C200EE2F1C /* API */,
				081500DD2BCAD0D700EE2F1C /* Utils */,
				0822C86F2BCBCA6700653580 /* Resources */,
				0815009C2BCA954F00EE2F1C /* PingAppApp.swift */,
				081500A22BCA955000EE2F1C /* Preview Content */,
			);
			path = PingApp;
			sourceTree = "<group>";
		};
		081500A22BCA955000EE2F1C /* Preview Content */ = {
			isa = PBXGroup;
			children = (
				081500A32BCA955000EE2F1C /* Preview Assets.xcassets */,
			);
			path = "Preview Content";
			sourceTree = "<group>";
		};
		081500AC2BCA955000EE2F1C /* PingAppTests */ = {
			isa = PBXGroup;
			children = (
				081501472BCB46B000EE2F1C /* Mocks */,
				081501422BCB461200EE2F1C /* Utils */,
				081500AD2BCA955000EE2F1C /* PingAppTests.swift */,
				081501502BCB4A7800EE2F1C /* HostServiceTests.swift */,
				081501562BCB56A300EE2F1C /* HomeViewModelTests.swift */,
			);
			path = PingAppTests;
			sourceTree = "<group>";
		};
		081500B62BCA955000EE2F1C /* PingAppUITests */ = {
			isa = PBXGroup;
			children = (
				081500B72BCA955000EE2F1C /* PingAppUITests.swift */,
				081500B92BCA955000EE2F1C /* PingAppUITestsLaunchTests.swift */,
			);
			path = PingAppUITests;
			sourceTree = "<group>";
		};
		081500C92BCACEF800EE2F1C /* Application */ = {
			isa = PBXGroup;
			children = (
				081500CA2BCACF0600EE2F1C /* DI */,
			);
			path = Application;
			sourceTree = "<group>";
		};
		081500CA2BCACF0600EE2F1C /* DI */ = {
			isa = PBXGroup;
			children = (
				081500CB2BCACF2800EE2F1C /* Resolver.swift */,
			);
			path = DI;
			sourceTree = "<group>";
		};
		081500D02BCAD03100EE2F1C /* Data */ = {
			isa = PBXGroup;
			children = (
				081500D32BCAD05500EE2F1C /* Repositories */,
				081500D22BCAD04400EE2F1C /* Network */,
				081500D12BCAD03E00EE2F1C /* Mapper */,
			);
			path = Data;
			sourceTree = "<group>";
		};
		081500D12BCAD03E00EE2F1C /* Mapper */ = {
			isa = PBXGroup;
			children = (
				081501082BCAD9E000EE2F1C /* HostResponse.swift */,
			);
			path = Mapper;
			sourceTree = "<group>";
		};
		081500D22BCAD04400EE2F1C /* Network */ = {
			isa = PBXGroup;
			children = (
				081501062BCAD93200EE2F1C /* HostService.swift */,
				0815010A2BCADA6600EE2F1C /* HostService+Live.swift */,
				0815011A2BCAE0B500EE2F1C /* LatencyService.swift */,
				0815011C2BCAE0C300EE2F1C /* LatencyService+Live.swift */,
			);
			path = Network;
			sourceTree = "<group>";
		};
		081500D32BCAD05500EE2F1C /* Repositories */ = {
			isa = PBXGroup;
			children = (
				081501182BCADFF500EE2F1C /* LatencyRepository+Live.swift */,
				0815010C2BCADBE000EE2F1C /* HostRepository+Live.swift */,
			);
			path = Repositories;
			sourceTree = "<group>";
		};
		081500D42BCAD06900EE2F1C /* Domain */ = {
			isa = PBXGroup;
			children = (
				081500D72BCAD08E00EE2F1C /* UseCases */,
				081500D62BCAD07D00EE2F1C /* Entities */,
				081500D52BCAD07600EE2F1C /* Interfaces */,
			);
			path = Domain;
			sourceTree = "<group>";
		};
		081500D52BCAD07600EE2F1C /* Interfaces */ = {
			isa = PBXGroup;
			children = (
				0815010E2BCADC3600EE2F1C /* HostsRepository.swift */,
				081501162BCADF8F00EE2F1C /* LatencyRepository.swift */,
			);
			path = Interfaces;
			sourceTree = "<group>";
		};
		081500D62BCAD07D00EE2F1C /* Entities */ = {
			isa = PBXGroup;
			children = (
				0815011E2BCAE19200EE2F1C /* LatencyResult.swift */,
			);
			path = Entities;
			sourceTree = "<group>";
		};
		081500D72BCAD08E00EE2F1C /* UseCases */ = {
			isa = PBXGroup;
			children = (
				081501142BCADEED00EE2F1C /* FindLatencyUseCase.swift */,
				081501122BCADE2500EE2F1C /* FetchAllHostsUseCase.swift */,
			);
			path = UseCases;
			sourceTree = "<group>";
		};
		081500D82BCAD09800EE2F1C /* Presentation */ = {
			isa = PBXGroup;
			children = (
				081500DB2BCAD0B400EE2F1C /* ReusableViews */,
				081500DA2BCAD0A700EE2F1C /* AppCoordinator */,
				081500D92BCAD0A100EE2F1C /* Screens */,
			);
			path = Presentation;
			sourceTree = "<group>";
		};
		081500D92BCAD0A100EE2F1C /* Screens */ = {
			isa = PBXGroup;
			children = (
				081501032BCAD5E400EE2F1C /* DetailView */,
				081500F82BCAD4A200EE2F1C /* Home */,
			);
			path = Screens;
			sourceTree = "<group>";
		};
		081500DA2BCAD0A700EE2F1C /* AppCoordinator */ = {
			isa = PBXGroup;
			children = (
				081500F12BCAD45A00EE2F1C /* AppCoordinator.swift */,
				081500F22BCAD45A00EE2F1C /* AppCoordinatorView.swift */,
				081500F02BCAD45A00EE2F1C /* Coordinator.swift */,
				081500F32BCAD45A00EE2F1C /* Routable.swift */,
			);
			path = AppCoordinator;
			sourceTree = "<group>";
		};
		081500DB2BCAD0B400EE2F1C /* ReusableViews */ = {
			isa = PBXGroup;
			children = (
				081501372BCB392500EE2F1C /* ErrorView.swift */,
			);
			path = ReusableViews;
			sourceTree = "<group>";
		};
		081500DC2BCAD0C200EE2F1C /* API */ = {
			isa = PBXGroup;
			children = (
				081500E62BCAD2AF00EE2F1C /* APIEnvironment.swift */,
				081500E22BCAD24300EE2F1C /* APIEnvironment+Live.swift */,
				081500E02BCAD20C00EE2F1C /* APIRequest.swift */,
				081500E42BCAD28700EE2F1C /* APIClient+Live.swift */,
				081500DE2BCAD1C600EE2F1C /* AppEnvironment.swift */,
				081500E82BCAD2DC00EE2F1C /* APIClient.swift */,
				081500EA2BCAD2F200EE2F1C /* APIError.swift */,
			);
			path = API;
			sourceTree = "<group>";
		};
		081500DD2BCAD0D700EE2F1C /* Utils */ = {
			isa = PBXGroup;
			children = (
				081500EC2BCAD31900EE2F1C /* Logger.swift */,
				081500EE2BCAD3C100EE2F1C /* Parser.swift */,
				081501202BCAE25600EE2F1C /* AppConstants.swift */,
				0815013B2BCB3B5400EE2F1C /* NetworkMonitor.swift */,
				0815013D2BCB3D1C00EE2F1C /* Formatter.swift */,
			);
			path = Utils;
			sourceTree = "<group>";
		};
		081500F82BCAD4A200EE2F1C /* Home */ = {
			isa = PBXGroup;
			children = (
				081501222BCAE5C400EE2F1C /* ViewModel */,
				081501002BCAD56300EE2F1C /* View */,
				081500F92BCAD4B100EE2F1C /* Coordinator */,
			);
			path = Home;
			sourceTree = "<group>";
		};
		081500F92BCAD4B100EE2F1C /* Coordinator */ = {
			isa = PBXGroup;
			children = (
				081500FA2BCAD4DB00EE2F1C /* HomeCoordinator.swift */,
				081500FC2BCAD51E00EE2F1C /* HomeCoordinatorProtocol.swift */,
				081500FE2BCAD54200EE2F1C /* HomeCoordinatorView.swift */,
			);
			path = Coordinator;
			sourceTree = "<group>";
		};
		081501002BCAD56300EE2F1C /* View */ = {
			isa = PBXGroup;
			children = (
				081501292BCAFF8D00EE2F1C /* Components */,
				081501012BCAD58600EE2F1C /* HomeView.swift */,
				081501252BCAE62C00EE2F1C /* HomeViewState.swift */,
			);
			path = View;
			sourceTree = "<group>";
		};
		081501032BCAD5E400EE2F1C /* DetailView */ = {
			isa = PBXGroup;
			children = (
				081501042BCAD60000EE2F1C /* DetailView.swift */,
			);
			path = DetailView;
			sourceTree = "<group>";
		};
		081501222BCAE5C400EE2F1C /* ViewModel */ = {
			isa = PBXGroup;
			children = (
				081501232BCAE5D300EE2F1C /* HomeViewModel.swift */,
			);
			path = ViewModel;
			sourceTree = "<group>";
		};
		081501292BCAFF8D00EE2F1C /* Components */ = {
			isa = PBXGroup;
			children = (
				0815012A2BCAFFA400EE2F1C /* LatencyView.swift */,
				0815012C2BCB003D00EE2F1C /* HostView.swift */,
				081501352BCB384E00EE2F1C /* HostListView.swift */,
			);
			path = Components;
			sourceTree = "<group>";
		};
		081501422BCB461200EE2F1C /* Utils */ = {
			isa = PBXGroup;
			children = (
				081501432BCB462600EE2F1C /* SwiftUI+Extension.swift */,
				081501452BCB464400EE2F1C /* CombinePublisherTest.swift */,
			);
			path = Utils;
			sourceTree = "<group>";
		};
		081501472BCB46B000EE2F1C /* Mocks */ = {
			isa = PBXGroup;
			children = (
				0815014E2BCB486500EE2F1C /* MockFindLatencyUseCase.swift */,
				081501482BCB46BF00EE2F1C /* MockCoordinator.swift */,
				0815014A2BCB470C00EE2F1C /* MockFetchHostsUseCase.swift */,
				0815014C2BCB47CE00EE2F1C /* MockResponse.swift */,
				081501522BCB4AD000EE2F1C /* MockAPIClient.swift */,
			);
			path = Mocks;
			sourceTree = "<group>";
		};
		0822C86F2BCBCA6700653580 /* Resources */ = {
			isa = PBXGroup;
			children = (
				081500A02BCA955000EE2F1C /* Assets.xcassets */,
				0822C8702BCBCA8B00653580 /* Localizable.xcstrings */,
			);
			path = Resources;
			sourceTree = "<group>";
		};
/* End PBXGroup section */

/* Begin PBXNativeTarget section */
		081500982BCA954F00EE2F1C /* PingApp */ = {
			isa = PBXNativeTarget;
			buildConfigurationList = 081500BD2BCA955000EE2F1C /* Build configuration list for PBXNativeTarget "PingApp" */;
			buildPhases = (
				081500952BCA954F00EE2F1C /* Sources */,
				081500962BCA954F00EE2F1C /* Frameworks */,
				081500972BCA954F00EE2F1C /* Resources */,
			);
			buildRules = (
			);
			dependencies = (
			);
			name = PingApp;
			packageProductDependencies = (
				081500C72BCA956B00EE2F1C /* NetworkPinger */,
				081500CE2BCACFEA00EE2F1C /* Swinject */,
				081501312BCB0B0D00EE2F1C /* NukeUI */,
			);
			productName = PingApp;
			productReference = 081500992BCA954F00EE2F1C /* PingApp.app */;
			productType = "com.apple.product-type.application";
		};
		081500A82BCA955000EE2F1C /* PingAppTests */ = {
			isa = PBXNativeTarget;
			buildConfigurationList = 081500C02BCA955000EE2F1C /* Build configuration list for PBXNativeTarget "PingAppTests" */;
			buildPhases = (
				081500A52BCA955000EE2F1C /* Sources */,
				081500A62BCA955000EE2F1C /* Frameworks */,
				081500A72BCA955000EE2F1C /* Resources */,
			);
			buildRules = (
			);
			dependencies = (
				081500AB2BCA955000EE2F1C /* PBXTargetDependency */,
			);
			name = PingAppTests;
			packageProductDependencies = (
				081501402BCB45DA00EE2F1C /* SnapshotTesting */,
			);
			productName = PingAppTests;
			productReference = 081500A92BCA955000EE2F1C /* PingAppTests.xctest */;
			productType = "com.apple.product-type.bundle.unit-test";
		};
		081500B22BCA955000EE2F1C /* PingAppUITests */ = {
			isa = PBXNativeTarget;
			buildConfigurationList = 081500C32BCA955000EE2F1C /* Build configuration list for PBXNativeTarget "PingAppUITests" */;
			buildPhases = (
				081500AF2BCA955000EE2F1C /* Sources */,
				081500B02BCA955000EE2F1C /* Frameworks */,
				081500B12BCA955000EE2F1C /* Resources */,
			);
			buildRules = (
			);
			dependencies = (
				081500B52BCA955000EE2F1C /* PBXTargetDependency */,
			);
			name = PingAppUITests;
			productName = PingAppUITests;
			productReference = 081500B32BCA955000EE2F1C /* PingAppUITests.xctest */;
			productType = "com.apple.product-type.bundle.ui-testing";
		};
/* End PBXNativeTarget section */

/* Begin PBXProject section */
		081500912BCA954F00EE2F1C /* Project object */ = {
			isa = PBXProject;
			attributes = {
				BuildIndependentTargetsInParallel = 1;
				LastSwiftUpdateCheck = 1520;
				LastUpgradeCheck = 1520;
				TargetAttributes = {
					081500982BCA954F00EE2F1C = {
						CreatedOnToolsVersion = 15.2;
					};
					081500A82BCA955000EE2F1C = {
						CreatedOnToolsVersion = 15.2;
						TestTargetID = 081500982BCA954F00EE2F1C;
					};
					081500B22BCA955000EE2F1C = {
						CreatedOnToolsVersion = 15.2;
						TestTargetID = 081500982BCA954F00EE2F1C;
					};
				};
			};
			buildConfigurationList = 081500942BCA954F00EE2F1C /* Build configuration list for PBXProject "PingApp" */;
			compatibilityVersion = "Xcode 14.0";
			developmentRegion = en;
			hasScannedForEncodings = 0;
			knownRegions = (
				en,
				Base,
			);
			mainGroup = 081500902BCA954F00EE2F1C;
			packageReferences = (
				081500C62BCA956B00EE2F1C /* XCRemoteSwiftPackageReference "NetWorkPinger" */,
				081500CD2BCACFEA00EE2F1C /* XCRemoteSwiftPackageReference "Swinject" */,
				081501302BCB0B0D00EE2F1C /* XCRemoteSwiftPackageReference "Nuke" */,
				0815013F2BCB45DA00EE2F1C /* XCRemoteSwiftPackageReference "swift-snapshot-testing" */,
			);
			productRefGroup = 0815009A2BCA954F00EE2F1C /* Products */;
			projectDirPath = "";
			projectRoot = "";
			targets = (
				081500982BCA954F00EE2F1C /* PingApp */,
				081500A82BCA955000EE2F1C /* PingAppTests */,
				081500B22BCA955000EE2F1C /* PingAppUITests */,
			);
		};
/* End PBXProject section */

/* Begin PBXResourcesBuildPhase section */
		081500972BCA954F00EE2F1C /* Resources */ = {
			isa = PBXResourcesBuildPhase;
			buildActionMask = 2147483647;
			files = (
				081500A42BCA955000EE2F1C /* Preview Assets.xcassets in Resources */,
				081500A12BCA955000EE2F1C /* Assets.xcassets in Resources */,
				0822C8712BCBCA8B00653580 /* Localizable.xcstrings in Resources */,
			);
			runOnlyForDeploymentPostprocessing = 0;
		};
		081500A72BCA955000EE2F1C /* Resources */ = {
			isa = PBXResourcesBuildPhase;
			buildActionMask = 2147483647;
			files = (
			);
			runOnlyForDeploymentPostprocessing = 0;
		};
		081500B12BCA955000EE2F1C /* Resources */ = {
			isa = PBXResourcesBuildPhase;
			buildActionMask = 2147483647;
			files = (
			);
			runOnlyForDeploymentPostprocessing = 0;
		};
/* End PBXResourcesBuildPhase section */

/* Begin PBXSourcesBuildPhase section */
		081500952BCA954F00EE2F1C /* Sources */ = {
			isa = PBXSourcesBuildPhase;
			buildActionMask = 2147483647;
			files = (
				081501152BCADEED00EE2F1C /* FindLatencyUseCase.swift in Sources */,
				0815013E2BCB3D1C00EE2F1C /* Formatter.swift in Sources */,
				081500CC2BCACF2800EE2F1C /* Resolver.swift in Sources */,
				081501262BCAE62C00EE2F1C /* HomeViewState.swift in Sources */,
				081501092BCAD9E000EE2F1C /* HostResponse.swift in Sources */,
				081500ED2BCAD31900EE2F1C /* Logger.swift in Sources */,
				081501212BCAE25600EE2F1C /* AppConstants.swift in Sources */,
				081501192BCADFF500EE2F1C /* LatencyRepository+Live.swift in Sources */,
				0815011D2BCAE0C300EE2F1C /* LatencyService+Live.swift in Sources */,
				081500F42BCAD45A00EE2F1C /* Coordinator.swift in Sources */,
				081501072BCAD93200EE2F1C /* HostService.swift in Sources */,
				081501362BCB384E00EE2F1C /* HostListView.swift in Sources */,
				081500FB2BCAD4DB00EE2F1C /* HomeCoordinator.swift in Sources */,
				081500DF2BCAD1C600EE2F1C /* AppEnvironment.swift in Sources */,
				081500E52BCAD28700EE2F1C /* APIClient+Live.swift in Sources */,
				0815011F2BCAE19200EE2F1C /* LatencyResult.swift in Sources */,
				081500EB2BCAD2F200EE2F1C /* APIError.swift in Sources */,
				081501172BCADF8F00EE2F1C /* LatencyRepository.swift in Sources */,
				0815012B2BCAFFA400EE2F1C /* LatencyView.swift in Sources */,
				081500F52BCAD45A00EE2F1C /* AppCoordinator.swift in Sources */,
				081501132BCADE2500EE2F1C /* FetchAllHostsUseCase.swift in Sources */,
				081500F72BCAD45A00EE2F1C /* Routable.swift in Sources */,
				0815010B2BCADA6600EE2F1C /* HostService+Live.swift in Sources */,
				081501382BCB392500EE2F1C /* ErrorView.swift in Sources */,
				081501242BCAE5D300EE2F1C /* HomeViewModel.swift in Sources */,
				0815011B2BCAE0B500EE2F1C /* LatencyService.swift in Sources */,
				081500FF2BCAD54200EE2F1C /* HomeCoordinatorView.swift in Sources */,
				0815010D2BCADBE000EE2F1C /* HostRepository+Live.swift in Sources */,
				081501052BCAD60000EE2F1C /* DetailView.swift in Sources */,
				0815012D2BCB003E00EE2F1C /* HostView.swift in Sources */,
				0815013C2BCB3B5400EE2F1C /* NetworkMonitor.swift in Sources */,
				081500E32BCAD24300EE2F1C /* APIEnvironment+Live.swift in Sources */,
				081500E12BCAD20C00EE2F1C /* APIRequest.swift in Sources */,
				081501022BCAD58600EE2F1C /* HomeView.swift in Sources */,
				0815010F2BCADC3600EE2F1C /* HostsRepository.swift in Sources */,
				081500EF2BCAD3C100EE2F1C /* Parser.swift in Sources */,
				081500E72BCAD2AF00EE2F1C /* APIEnvironment.swift in Sources */,
				0815009D2BCA954F00EE2F1C /* PingAppApp.swift in Sources */,
				081500E92BCAD2DC00EE2F1C /* APIClient.swift in Sources */,
				081500F62BCAD45A00EE2F1C /* AppCoordinatorView.swift in Sources */,
				081500FD2BCAD51E00EE2F1C /* HomeCoordinatorProtocol.swift in Sources */,
			);
			runOnlyForDeploymentPostprocessing = 0;
		};
		081500A52BCA955000EE2F1C /* Sources */ = {
			isa = PBXSourcesBuildPhase;
			buildActionMask = 2147483647;
			files = (
				0815014D2BCB47CE00EE2F1C /* MockResponse.swift in Sources */,
				0815014B2BCB470D00EE2F1C /* MockFetchHostsUseCase.swift in Sources */,
				0815014F2BCB486500EE2F1C /* MockFindLatencyUseCase.swift in Sources */,
				081501512BCB4A7800EE2F1C /* HostServiceTests.swift in Sources */,
				081501462BCB464400EE2F1C /* CombinePublisherTest.swift in Sources */,
				081501572BCB56A300EE2F1C /* HomeViewModelTests.swift in Sources */,
				081500AE2BCA955000EE2F1C /* PingAppTests.swift in Sources */,
				081501492BCB46BF00EE2F1C /* MockCoordinator.swift in Sources */,
				081501442BCB462600EE2F1C /* SwiftUI+Extension.swift in Sources */,
				081501532BCB4AD000EE2F1C /* MockAPIClient.swift in Sources */,
			);
			runOnlyForDeploymentPostprocessing = 0;
		};
		081500AF2BCA955000EE2F1C /* Sources */ = {
			isa = PBXSourcesBuildPhase;
			buildActionMask = 2147483647;
			files = (
				081500BA2BCA955000EE2F1C /* PingAppUITestsLaunchTests.swift in Sources */,
				081500B82BCA955000EE2F1C /* PingAppUITests.swift in Sources */,
			);
			runOnlyForDeploymentPostprocessing = 0;
		};
/* End PBXSourcesBuildPhase section */

/* Begin PBXTargetDependency section */
		081500AB2BCA955000EE2F1C /* PBXTargetDependency */ = {
			isa = PBXTargetDependency;
			target = 081500982BCA954F00EE2F1C /* PingApp */;
			targetProxy = 081500AA2BCA955000EE2F1C /* PBXContainerItemProxy */;
		};
		081500B52BCA955000EE2F1C /* PBXTargetDependency */ = {
			isa = PBXTargetDependency;
			target = 081500982BCA954F00EE2F1C /* PingApp */;
			targetProxy = 081500B42BCA955000EE2F1C /* PBXContainerItemProxy */;
		};
/* End PBXTargetDependency section */

/* Begin XCBuildConfiguration section */
		081500BB2BCA955000EE2F1C /* Debug */ = {
			isa = XCBuildConfiguration;
			buildSettings = {
				ALWAYS_SEARCH_USER_PATHS = NO;
				ASSETCATALOG_COMPILER_GENERATE_SWIFT_ASSET_SYMBOL_EXTENSIONS = YES;
				CLANG_ANALYZER_NONNULL = YES;
				CLANG_ANALYZER_NUMBER_OBJECT_CONVERSION = YES_AGGRESSIVE;
				CLANG_CXX_LANGUAGE_STANDARD = "gnu++20";
				CLANG_ENABLE_MODULES = YES;
				CLANG_ENABLE_OBJC_ARC = YES;
				CLANG_ENABLE_OBJC_WEAK = YES;
				CLANG_WARN_BLOCK_CAPTURE_AUTORELEASING = YES;
				CLANG_WARN_BOOL_CONVERSION = YES;
				CLANG_WARN_COMMA = YES;
				CLANG_WARN_CONSTANT_CONVERSION = YES;
				CLANG_WARN_DEPRECATED_OBJC_IMPLEMENTATIONS = YES;
				CLANG_WARN_DIRECT_OBJC_ISA_USAGE = YES_ERROR;
				CLANG_WARN_DOCUMENTATION_COMMENTS = YES;
				CLANG_WARN_EMPTY_BODY = YES;
				CLANG_WARN_ENUM_CONVERSION = YES;
				CLANG_WARN_INFINITE_RECURSION = YES;
				CLANG_WARN_INT_CONVERSION = YES;
				CLANG_WARN_NON_LITERAL_NULL_CONVERSION = YES;
				CLANG_WARN_OBJC_IMPLICIT_RETAIN_SELF = YES;
				CLANG_WARN_OBJC_LITERAL_CONVERSION = YES;
				CLANG_WARN_OBJC_ROOT_CLASS = YES_ERROR;
				CLANG_WARN_QUOTED_INCLUDE_IN_FRAMEWORK_HEADER = YES;
				CLANG_WARN_RANGE_LOOP_ANALYSIS = YES;
				CLANG_WARN_STRICT_PROTOTYPES = YES;
				CLANG_WARN_SUSPICIOUS_MOVE = YES;
				CLANG_WARN_UNGUARDED_AVAILABILITY = YES_AGGRESSIVE;
				CLANG_WARN_UNREACHABLE_CODE = YES;
				CLANG_WARN__DUPLICATE_METHOD_MATCH = YES;
				COPY_PHASE_STRIP = NO;
				DEBUG_INFORMATION_FORMAT = dwarf;
				ENABLE_STRICT_OBJC_MSGSEND = YES;
				ENABLE_TESTABILITY = YES;
				ENABLE_USER_SCRIPT_SANDBOXING = YES;
				GCC_C_LANGUAGE_STANDARD = gnu17;
				GCC_DYNAMIC_NO_PIC = NO;
				GCC_NO_COMMON_BLOCKS = YES;
				GCC_OPTIMIZATION_LEVEL = 0;
				GCC_PREPROCESSOR_DEFINITIONS = (
					"DEBUG=1",
					"$(inherited)",
				);
				GCC_WARN_64_TO_32_BIT_CONVERSION = YES;
				GCC_WARN_ABOUT_RETURN_TYPE = YES_ERROR;
				GCC_WARN_UNDECLARED_SELECTOR = YES;
				GCC_WARN_UNINITIALIZED_AUTOS = YES_AGGRESSIVE;
				GCC_WARN_UNUSED_FUNCTION = YES;
				GCC_WARN_UNUSED_VARIABLE = YES;
				IPHONEOS_DEPLOYMENT_TARGET = 17.2;
				LOCALIZATION_PREFERS_STRING_CATALOGS = YES;
				MTL_ENABLE_DEBUG_INFO = INCLUDE_SOURCE;
				MTL_FAST_MATH = YES;
				ONLY_ACTIVE_ARCH = YES;
				SDKROOT = iphoneos;
				SWIFT_ACTIVE_COMPILATION_CONDITIONS = "DEBUG $(inherited)";
				SWIFT_OPTIMIZATION_LEVEL = "-Onone";
			};
			name = Debug;
		};
		081500BC2BCA955000EE2F1C /* Release */ = {
			isa = XCBuildConfiguration;
			buildSettings = {
				ALWAYS_SEARCH_USER_PATHS = NO;
				ASSETCATALOG_COMPILER_GENERATE_SWIFT_ASSET_SYMBOL_EXTENSIONS = YES;
				CLANG_ANALYZER_NONNULL = YES;
				CLANG_ANALYZER_NUMBER_OBJECT_CONVERSION = YES_AGGRESSIVE;
				CLANG_CXX_LANGUAGE_STANDARD = "gnu++20";
				CLANG_ENABLE_MODULES = YES;
				CLANG_ENABLE_OBJC_ARC = YES;
				CLANG_ENABLE_OBJC_WEAK = YES;
				CLANG_WARN_BLOCK_CAPTURE_AUTORELEASING = YES;
				CLANG_WARN_BOOL_CONVERSION = YES;
				CLANG_WARN_COMMA = YES;
				CLANG_WARN_CONSTANT_CONVERSION = YES;
				CLANG_WARN_DEPRECATED_OBJC_IMPLEMENTATIONS = YES;
				CLANG_WARN_DIRECT_OBJC_ISA_USAGE = YES_ERROR;
				CLANG_WARN_DOCUMENTATION_COMMENTS = YES;
				CLANG_WARN_EMPTY_BODY = YES;
				CLANG_WARN_ENUM_CONVERSION = YES;
				CLANG_WARN_INFINITE_RECURSION = YES;
				CLANG_WARN_INT_CONVERSION = YES;
				CLANG_WARN_NON_LITERAL_NULL_CONVERSION = YES;
				CLANG_WARN_OBJC_IMPLICIT_RETAIN_SELF = YES;
				CLANG_WARN_OBJC_LITERAL_CONVERSION = YES;
				CLANG_WARN_OBJC_ROOT_CLASS = YES_ERROR;
				CLANG_WARN_QUOTED_INCLUDE_IN_FRAMEWORK_HEADER = YES;
				CLANG_WARN_RANGE_LOOP_ANALYSIS = YES;
				CLANG_WARN_STRICT_PROTOTYPES = YES;
				CLANG_WARN_SUSPICIOUS_MOVE = YES;
				CLANG_WARN_UNGUARDED_AVAILABILITY = YES_AGGRESSIVE;
				CLANG_WARN_UNREACHABLE_CODE = YES;
				CLANG_WARN__DUPLICATE_METHOD_MATCH = YES;
				COPY_PHASE_STRIP = NO;
				DEBUG_INFORMATION_FORMAT = "dwarf-with-dsym";
				ENABLE_NS_ASSERTIONS = NO;
				ENABLE_STRICT_OBJC_MSGSEND = YES;
				ENABLE_USER_SCRIPT_SANDBOXING = YES;
				GCC_C_LANGUAGE_STANDARD = gnu17;
				GCC_NO_COMMON_BLOCKS = YES;
				GCC_WARN_64_TO_32_BIT_CONVERSION = YES;
				GCC_WARN_ABOUT_RETURN_TYPE = YES_ERROR;
				GCC_WARN_UNDECLARED_SELECTOR = YES;
				GCC_WARN_UNINITIALIZED_AUTOS = YES_AGGRESSIVE;
				GCC_WARN_UNUSED_FUNCTION = YES;
				GCC_WARN_UNUSED_VARIABLE = YES;
				IPHONEOS_DEPLOYMENT_TARGET = 17.2;
				LOCALIZATION_PREFERS_STRING_CATALOGS = YES;
				MTL_ENABLE_DEBUG_INFO = NO;
				MTL_FAST_MATH = YES;
				SDKROOT = iphoneos;
				SWIFT_COMPILATION_MODE = wholemodule;
				VALIDATE_PRODUCT = YES;
			};
			name = Release;
		};
		081500BE2BCA955000EE2F1C /* Debug */ = {
			isa = XCBuildConfiguration;
			buildSettings = {
				ASSETCATALOG_COMPILER_APPICON_NAME = AppIcon;
				ASSETCATALOG_COMPILER_GLOBAL_ACCENT_COLOR_NAME = AccentColor;
				CODE_SIGN_STYLE = Automatic;
				CURRENT_PROJECT_VERSION = 1;
				DEVELOPMENT_ASSET_PATHS = "\"PingApp/Preview Content\"";
				DEVELOPMENT_TEAM = Y89LU2A58Y;
				ENABLE_PREVIEWS = YES;
				GENERATE_INFOPLIST_FILE = YES;
				INFOPLIST_KEY_UIApplicationSceneManifest_Generation = YES;
				INFOPLIST_KEY_UIApplicationSupportsIndirectInputEvents = YES;
				INFOPLIST_KEY_UILaunchScreen_Generation = YES;
				INFOPLIST_KEY_UISupportedInterfaceOrientations_iPad = "UIInterfaceOrientationPortrait UIInterfaceOrientationPortraitUpsideDown UIInterfaceOrientationLandscapeLeft UIInterfaceOrientationLandscapeRight";
				INFOPLIST_KEY_UISupportedInterfaceOrientations_iPhone = "UIInterfaceOrientationPortrait UIInterfaceOrientationLandscapeLeft UIInterfaceOrientationLandscapeRight";
				LD_RUNPATH_SEARCH_PATHS = (
					"$(inherited)",
					"@executable_path/Frameworks",
				);
				MARKETING_VERSION = 1.0;
				PRODUCT_BUNDLE_IDENTIFIER = com.muneer.PingApp;
				PRODUCT_NAME = "$(TARGET_NAME)";
				SWIFT_EMIT_LOC_STRINGS = YES;
				SWIFT_VERSION = 5.0;
				TARGETED_DEVICE_FAMILY = "1,2";
			};
			name = Debug;
		};
		081500BF2BCA955000EE2F1C /* Release */ = {
			isa = XCBuildConfiguration;
			buildSettings = {
				ASSETCATALOG_COMPILER_APPICON_NAME = AppIcon;
				ASSETCATALOG_COMPILER_GLOBAL_ACCENT_COLOR_NAME = AccentColor;
				CODE_SIGN_STYLE = Automatic;
				CURRENT_PROJECT_VERSION = 1;
				DEVELOPMENT_ASSET_PATHS = "\"PingApp/Preview Content\"";
				DEVELOPMENT_TEAM = Y89LU2A58Y;
				ENABLE_PREVIEWS = YES;
				GENERATE_INFOPLIST_FILE = YES;
				INFOPLIST_KEY_UIApplicationSceneManifest_Generation = YES;
				INFOPLIST_KEY_UIApplicationSupportsIndirectInputEvents = YES;
				INFOPLIST_KEY_UILaunchScreen_Generation = YES;
				INFOPLIST_KEY_UISupportedInterfaceOrientations_iPad = "UIInterfaceOrientationPortrait UIInterfaceOrientationPortraitUpsideDown UIInterfaceOrientationLandscapeLeft UIInterfaceOrientationLandscapeRight";
				INFOPLIST_KEY_UISupportedInterfaceOrientations_iPhone = "UIInterfaceOrientationPortrait UIInterfaceOrientationLandscapeLeft UIInterfaceOrientationLandscapeRight";
				LD_RUNPATH_SEARCH_PATHS = (
					"$(inherited)",
					"@executable_path/Frameworks",
				);
				MARKETING_VERSION = 1.0;
				PRODUCT_BUNDLE_IDENTIFIER = com.muneer.PingApp;
				PRODUCT_NAME = "$(TARGET_NAME)";
				SWIFT_EMIT_LOC_STRINGS = YES;
				SWIFT_VERSION = 5.0;
				TARGETED_DEVICE_FAMILY = "1,2";
			};
			name = Release;
		};
		081500C12BCA955000EE2F1C /* Debug */ = {
			isa = XCBuildConfiguration;
			buildSettings = {
				ALWAYS_EMBED_SWIFT_STANDARD_LIBRARIES = YES;
				BUNDLE_LOADER = "$(TEST_HOST)";
				CODE_SIGN_STYLE = Automatic;
				CURRENT_PROJECT_VERSION = 1;
				DEVELOPMENT_TEAM = Y89LU2A58Y;
				GENERATE_INFOPLIST_FILE = YES;
				IPHONEOS_DEPLOYMENT_TARGET = 17.2;
				MARKETING_VERSION = 1.0;
				PRODUCT_BUNDLE_IDENTIFIER = com.muneer.PingAppTests;
				PRODUCT_NAME = "$(TARGET_NAME)";
				SWIFT_EMIT_LOC_STRINGS = NO;
				SWIFT_VERSION = 5.0;
				TARGETED_DEVICE_FAMILY = "1,2";
				TEST_HOST = "$(BUILT_PRODUCTS_DIR)/PingApp.app/$(BUNDLE_EXECUTABLE_FOLDER_PATH)/PingApp";
			};
			name = Debug;
		};
		081500C22BCA955000EE2F1C /* Release */ = {
			isa = XCBuildConfiguration;
			buildSettings = {
				ALWAYS_EMBED_SWIFT_STANDARD_LIBRARIES = YES;
				BUNDLE_LOADER = "$(TEST_HOST)";
				CODE_SIGN_STYLE = Automatic;
				CURRENT_PROJECT_VERSION = 1;
				DEVELOPMENT_TEAM = Y89LU2A58Y;
				GENERATE_INFOPLIST_FILE = YES;
				IPHONEOS_DEPLOYMENT_TARGET = 17.2;
				MARKETING_VERSION = 1.0;
				PRODUCT_BUNDLE_IDENTIFIER = com.muneer.PingAppTests;
				PRODUCT_NAME = "$(TARGET_NAME)";
				SWIFT_EMIT_LOC_STRINGS = NO;
				SWIFT_VERSION = 5.0;
				TARGETED_DEVICE_FAMILY = "1,2";
				TEST_HOST = "$(BUILT_PRODUCTS_DIR)/PingApp.app/$(BUNDLE_EXECUTABLE_FOLDER_PATH)/PingApp";
			};
			name = Release;
		};
		081500C42BCA955000EE2F1C /* Debug */ = {
			isa = XCBuildConfiguration;
			buildSettings = {
				ALWAYS_EMBED_SWIFT_STANDARD_LIBRARIES = YES;
				CODE_SIGN_STYLE = Automatic;
				CURRENT_PROJECT_VERSION = 1;
				DEVELOPMENT_TEAM = Y89LU2A58Y;
				GENERATE_INFOPLIST_FILE = YES;
				MARKETING_VERSION = 1.0;
				PRODUCT_BUNDLE_IDENTIFIER = com.muneer.PingAppUITests;
				PRODUCT_NAME = "$(TARGET_NAME)";
				SWIFT_EMIT_LOC_STRINGS = NO;
				SWIFT_VERSION = 5.0;
				TARGETED_DEVICE_FAMILY = "1,2";
				TEST_TARGET_NAME = PingApp;
			};
			name = Debug;
		};
		081500C52BCA955000EE2F1C /* Release */ = {
			isa = XCBuildConfiguration;
			buildSettings = {
				ALWAYS_EMBED_SWIFT_STANDARD_LIBRARIES = YES;
				CODE_SIGN_STYLE = Automatic;
				CURRENT_PROJECT_VERSION = 1;
				DEVELOPMENT_TEAM = Y89LU2A58Y;
				GENERATE_INFOPLIST_FILE = YES;
				MARKETING_VERSION = 1.0;
				PRODUCT_BUNDLE_IDENTIFIER = com.muneer.PingAppUITests;
				PRODUCT_NAME = "$(TARGET_NAME)";
				SWIFT_EMIT_LOC_STRINGS = NO;
				SWIFT_VERSION = 5.0;
				TARGETED_DEVICE_FAMILY = "1,2";
				TEST_TARGET_NAME = PingApp;
			};
			name = Release;
		};
/* End XCBuildConfiguration section */

/* Begin XCConfigurationList section */
		081500942BCA954F00EE2F1C /* Build configuration list for PBXProject "PingApp" */ = {
			isa = XCConfigurationList;
			buildConfigurations = (
				081500BB2BCA955000EE2F1C /* Debug */,
				081500BC2BCA955000EE2F1C /* Release */,
			);
			defaultConfigurationIsVisible = 0;
			defaultConfigurationName = Release;
		};
		081500BD2BCA955000EE2F1C /* Build configuration list for PBXNativeTarget "PingApp" */ = {
			isa = XCConfigurationList;
			buildConfigurations = (
				081500BE2BCA955000EE2F1C /* Debug */,
				081500BF2BCA955000EE2F1C /* Release */,
			);
			defaultConfigurationIsVisible = 0;
			defaultConfigurationName = Release;
		};
		081500C02BCA955000EE2F1C /* Build configuration list for PBXNativeTarget "PingAppTests" */ = {
			isa = XCConfigurationList;
			buildConfigurations = (
				081500C12BCA955000EE2F1C /* Debug */,
				081500C22BCA955000EE2F1C /* Release */,
			);
			defaultConfigurationIsVisible = 0;
			defaultConfigurationName = Release;
		};
		081500C32BCA955000EE2F1C /* Build configuration list for PBXNativeTarget "PingAppUITests" */ = {
			isa = XCConfigurationList;
			buildConfigurations = (
				081500C42BCA955000EE2F1C /* Debug */,
				081500C52BCA955000EE2F1C /* Release */,
			);
			defaultConfigurationIsVisible = 0;
			defaultConfigurationName = Release;
		};
/* End XCConfigurationList section */

/* Begin XCRemoteSwiftPackageReference section */
		081500C62BCA956B00EE2F1C /* XCRemoteSwiftPackageReference "NetWorkPinger" */ = {
			isa = XCRemoteSwiftPackageReference;
			repositoryURL = "https://github.com/muneerkk66/NetWorkPinger.git";
			requirement = {
				branch = main;
				kind = branch;
			};
		};
		081500CD2BCACFEA00EE2F1C /* XCRemoteSwiftPackageReference "Swinject" */ = {
			isa = XCRemoteSwiftPackageReference;
			repositoryURL = "https://github.com/Swinject/Swinject.git";
			requirement = {
				kind = upToNextMajorVersion;
				minimumVersion = 2.8.6;
			};
		};
		081501302BCB0B0D00EE2F1C /* XCRemoteSwiftPackageReference "Nuke" */ = {
			isa = XCRemoteSwiftPackageReference;
			repositoryURL = "https://github.com/kean/Nuke.git";
			requirement = {
				kind = upToNextMajorVersion;
				minimumVersion = 12.5.0;
			};
		};
		0815013F2BCB45DA00EE2F1C /* XCRemoteSwiftPackageReference "swift-snapshot-testing" */ = {
			isa = XCRemoteSwiftPackageReference;
			repositoryURL = "https://github.com/pointfreeco/swift-snapshot-testing";
			requirement = {
				kind = upToNextMajorVersion;
				minimumVersion = 1.16.0;
			};
		};
/* End XCRemoteSwiftPackageReference section */

/* Begin XCSwiftPackageProductDependency section */
		081500C72BCA956B00EE2F1C /* NetworkPinger */ = {
			isa = XCSwiftPackageProductDependency;
			package = 081500C62BCA956B00EE2F1C /* XCRemoteSwiftPackageReference "NetWorkPinger" */;
			productName = NetworkPinger;
		};
		081500CE2BCACFEA00EE2F1C /* Swinject */ = {
			isa = XCSwiftPackageProductDependency;
			package = 081500CD2BCACFEA00EE2F1C /* XCRemoteSwiftPackageReference "Swinject" */;
			productName = Swinject;
		};
		081501312BCB0B0D00EE2F1C /* NukeUI */ = {
			isa = XCSwiftPackageProductDependency;
			package = 081501302BCB0B0D00EE2F1C /* XCRemoteSwiftPackageReference "Nuke" */;
			productName = NukeUI;
		};
		081501402BCB45DA00EE2F1C /* SnapshotTesting */ = {
			isa = XCSwiftPackageProductDependency;
			package = 0815013F2BCB45DA00EE2F1C /* XCRemoteSwiftPackageReference "swift-snapshot-testing" */;
			productName = SnapshotTesting;
		};
/* End XCSwiftPackageProductDependency section */
	};
	rootObject = 081500912BCA954F00EE2F1C /* Project object */;
}
